
Microsoft Visual Studio Solution File, Format Version 12.00
# Visual Studio 2017
Project("{FAE04EC0-301F-11D3-BF4B-00C04F79EFBC}") = "CircularWaterfallGraph", "CircularWaterfallGraph.csproj", "{9BFF3047-CC66-6DA9-6306-A4110465C365}"
EndProject
Global
	GlobalSection(SolutionConfigurationPlatforms) = preSolution
		Debug|Any CPU = Debug|Any CPU
		Release|Any CPU = Release|Any CPU
	EndGlobalSection
	GlobalSection(ProjectConfigurationPlatforms) = postSolution
		{9BFF3047-CC66-6DA9-6306-A4110465C365}.Debug|Any CPU.ActiveCfg = Debug|Any CPU
		{9BFF3047-CC66-6DA9-6306-A4110465C365}.Debug|Any CPU.Build.0 = Debug|Any CPU
		{9BFF3047-CC66-6DA9-6306-A4110465C365}.Release|Any CPU.ActiveCfg = Release|Any CPU
		{9BFF3047-CC66-6DA9-6306-A4110465C365}.Release|Any CPU.Build.0 = Release|Any CPU
	EndGlobalSection
	GlobalSection(SolutionProperties) = preSolution
		HideSolutionNode = FALSE
	EndGlobalSection
EndGlobal
